// !$*UTF8*$!
{
	archiveVersion = 1;
	classes = {
	};
	objectVersion = 55;
	objects = {

/* Begin PBXBuildFile section */
		422672F02872DC4A00511C2E /* SettingsViewController.swift in Sources */ = {isa = PBXBuildFile; fileRef = 422672EF2872DC4A00511C2E /* SettingsViewController.swift */; };
		422672F42872E6FD00511C2E /* UserViewController.swift in Sources */ = {isa = PBXBuildFile; fileRef = 422672F32872E6FD00511C2E /* UserViewController.swift */; };
		422A551C28899D5300AA22F0 /* Task.swift in Sources */ = {isa = PBXBuildFile; fileRef = 422A551B28899D5300AA22F0 /* Task.swift */; };
		4231D6B52869A33D000419BA /* AppDelegate.swift in Sources */ = {isa = PBXBuildFile; fileRef = 4231D6B42869A33D000419BA /* AppDelegate.swift */; };
		4231D6B72869A33D000419BA /* SceneDelegate.swift in Sources */ = {isa = PBXBuildFile; fileRef = 4231D6B62869A33D000419BA /* SceneDelegate.swift */; };
		4231D6B92869A33D000419BA /* MainViewController.swift in Sources */ = {isa = PBXBuildFile; fileRef = 4231D6B82869A33D000419BA /* MainViewController.swift */; };
		4231D6BC2869A33D000419BA /* Main.storyboard in Resources */ = {isa = PBXBuildFile; fileRef = 4231D6BA2869A33D000419BA /* Main.storyboard */; };
		4231D6BE2869A341000419BA /* Assets.xcassets in Resources */ = {isa = PBXBuildFile; fileRef = 4231D6BD2869A341000419BA /* Assets.xcassets */; };
		4231D6C12869A341000419BA /* LaunchScreen.storyboard in Resources */ = {isa = PBXBuildFile; fileRef = 4231D6BF2869A341000419BA /* LaunchScreen.storyboard */; };
		423BA0AF287AE4B000D00A71 /* NewItemViewController.swift in Sources */ = {isa = PBXBuildFile; fileRef = 423BA0AE287AE4B000D00A71 /* NewItemViewController.swift */; };
		426D579A288D5260003DC0BF /* TaskTableViewCell.swift in Sources */ = {isa = PBXBuildFile; fileRef = 426D5799288D5260003DC0BF /* TaskTableViewCell.swift */; };
		42C3029B28F84065000596F5 /* Task+CoreDataClass.swift in Sources */ = {isa = PBXBuildFile; fileRef = 42C3029728F84065000596F5 /* Task+CoreDataClass.swift */; };
		42C3029C28F84065000596F5 /* Task+CoreDataProperties.swift in Sources */ = {isa = PBXBuildFile; fileRef = 42C3029828F84065000596F5 /* Task+CoreDataProperties.swift */; };
		42C3029D28F84065000596F5 /* CompletionDays+CoreDataClass.swift in Sources */ = {isa = PBXBuildFile; fileRef = 42C3029928F84065000596F5 /* CompletionDays+CoreDataClass.swift */; };
		42C3029E28F84065000596F5 /* CompletionDays+CoreDataProperties.swift in Sources */ = {isa = PBXBuildFile; fileRef = 42C3029A28F84065000596F5 /* CompletionDays+CoreDataProperties.swift */; };
		42CEB7C528E9A0520081D037 /* DateManager.swift in Sources */ = {isa = PBXBuildFile; fileRef = 42CEB7C428E9A0520081D037 /* DateManager.swift */; };
		42F289B4288E8F2700C5DF76 /* Colors.xcassets in Resources */ = {isa = PBXBuildFile; fileRef = 42F289B3288E8F2700C5DF76 /* Colors.xcassets */; };
		42FE9E4E28E5F95C00A6F9D7 /* StorageManager.swift in Sources */ = {isa = PBXBuildFile; fileRef = 42FE9E4D28E5F95C00A6F9D7 /* StorageManager.swift */; };
		42FE9E5128E5F9AF00A6F9D7 /* Tasks.xcdatamodeld in Sources */ = {isa = PBXBuildFile; fileRef = 42FE9E4F28E5F9AF00A6F9D7 /* Tasks.xcdatamodeld */; };
		778098F82883C6C200BB5CAB /* User.swift in Sources */ = {isa = PBXBuildFile; fileRef = 778098F72883C6C200BB5CAB /* User.swift */; };
/* End PBXBuildFile section */

/* Begin PBXFileReference section */
		422672EF2872DC4A00511C2E /* SettingsViewController.swift */ = {isa = PBXFileReference; lastKnownFileType = sourcecode.swift; path = SettingsViewController.swift; sourceTree = "<group>"; };
		422672F32872E6FD00511C2E /* UserViewController.swift */ = {isa = PBXFileReference; lastKnownFileType = sourcecode.swift; path = UserViewController.swift; sourceTree = "<group>"; };
		422A551B28899D5300AA22F0 /* Task.swift */ = {isa = PBXFileReference; lastKnownFileType = sourcecode.swift; path = Task.swift; sourceTree = "<group>"; };
		4231D6B12869A33D000419BA /* RoutineTasks.app */ = {isa = PBXFileReference; explicitFileType = wrapper.application; includeInIndex = 0; path = RoutineTasks.app; sourceTree = BUILT_PRODUCTS_DIR; };
		4231D6B42869A33D000419BA /* AppDelegate.swift */ = {isa = PBXFileReference; lastKnownFileType = sourcecode.swift; path = AppDelegate.swift; sourceTree = "<group>"; };
		4231D6B62869A33D000419BA /* SceneDelegate.swift */ = {isa = PBXFileReference; lastKnownFileType = sourcecode.swift; path = SceneDelegate.swift; sourceTree = "<group>"; };
		4231D6B82869A33D000419BA /* MainViewController.swift */ = {isa = PBXFileReference; lastKnownFileType = sourcecode.swift; path = MainViewController.swift; sourceTree = "<group>"; };
		4231D6BB2869A33D000419BA /* Base */ = {isa = PBXFileReference; lastKnownFileType = file.storyboard; name = Base; path = Base.lproj/Main.storyboard; sourceTree = "<group>"; };
		4231D6BD2869A341000419BA /* Assets.xcassets */ = {isa = PBXFileReference; lastKnownFileType = folder.assetcatalog; path = Assets.xcassets; sourceTree = "<group>"; };
		4231D6C02869A341000419BA /* Base */ = {isa = PBXFileReference; lastKnownFileType = file.storyboard; name = Base; path = Base.lproj/LaunchScreen.storyboard; sourceTree = "<group>"; };
		4231D6C22869A341000419BA /* Info.plist */ = {isa = PBXFileReference; lastKnownFileType = text.plist.xml; path = Info.plist; sourceTree = "<group>"; };
		423BA0AE287AE4B000D00A71 /* NewItemViewController.swift */ = {isa = PBXFileReference; lastKnownFileType = sourcecode.swift; path = NewItemViewController.swift; sourceTree = "<group>"; };
		426D5799288D5260003DC0BF /* TaskTableViewCell.swift */ = {isa = PBXFileReference; lastKnownFileType = sourcecode.swift; path = TaskTableViewCell.swift; sourceTree = "<group>"; };
		42C3029728F84065000596F5 /* Task+CoreDataClass.swift */ = {isa = PBXFileReference; lastKnownFileType = sourcecode.swift; path = "Task+CoreDataClass.swift"; sourceTree = "<group>"; };
		42C3029828F84065000596F5 /* Task+CoreDataProperties.swift */ = {isa = PBXFileReference; lastKnownFileType = sourcecode.swift; path = "Task+CoreDataProperties.swift"; sourceTree = "<group>"; };
		42C3029928F84065000596F5 /* CompletionDays+CoreDataClass.swift */ = {isa = PBXFileReference; lastKnownFileType = sourcecode.swift; path = "CompletionDays+CoreDataClass.swift"; sourceTree = "<group>"; };
		42C3029A28F84065000596F5 /* CompletionDays+CoreDataProperties.swift */ = {isa = PBXFileReference; lastKnownFileType = sourcecode.swift; path = "CompletionDays+CoreDataProperties.swift"; sourceTree = "<group>"; };
		42CEB7C428E9A0520081D037 /* DateManager.swift */ = {isa = PBXFileReference; lastKnownFileType = sourcecode.swift; path = DateManager.swift; sourceTree = "<group>"; };
		42F289B3288E8F2700C5DF76 /* Colors.xcassets */ = {isa = PBXFileReference; lastKnownFileType = folder.assetcatalog; path = Colors.xcassets; sourceTree = "<group>"; };
		42FE9E4D28E5F95C00A6F9D7 /* StorageManager.swift */ = {isa = PBXFileReference; lastKnownFileType = sourcecode.swift; path = StorageManager.swift; sourceTree = "<group>"; };
		42FE9E5028E5F9AF00A6F9D7 /* Tasks.xcdatamodel */ = {isa = PBXFileReference; lastKnownFileType = wrapper.xcdatamodel; path = Tasks.xcdatamodel; sourceTree = "<group>"; };
		778098F72883C6C200BB5CAB /* User.swift */ = {isa = PBXFileReference; lastKnownFileType = sourcecode.swift; path = User.swift; sourceTree = "<group>"; };
/* End PBXFileReference section */

/* Begin PBXFrameworksBuildPhase section */
		4231D6AE2869A33D000419BA /* Frameworks */ = {
			isa = PBXFrameworksBuildPhase;
			buildActionMask = 2147483647;
			files = (
			);
			runOnlyForDeploymentPostprocessing = 0;
		};
/* End PBXFrameworksBuildPhase section */

/* Begin PBXGroup section */
		4231D6A82869A33D000419BA = {
			isa = PBXGroup;
			children = (
				4231D6B32869A33D000419BA /* RoutineTasks */,
				4231D6B22869A33D000419BA /* Products */,
			);
			sourceTree = "<group>";
		};
		4231D6B22869A33D000419BA /* Products */ = {
			isa = PBXGroup;
			children = (
				4231D6B12869A33D000419BA /* RoutineTasks.app */,
			);
			name = Products;
			sourceTree = "<group>";
		};
		4231D6B32869A33D000419BA /* RoutineTasks */ = {
			isa = PBXGroup;
			children = (
				42FE9E4C28E5F91500A6F9D7 /* Services */,
				426D5798288D51F4003DC0BF /* Views */,
				778098F62883C6AD00BB5CAB /* Models */,
				423BA0AB287AE2CC00D00A71 /* ViewControllers */,
				423BA0AC287AE2EB00D00A71 /* Storyboards */,
				423BA0AA287AE2BE00D00A71 /* Apps */,
				423BA0AD287AE35300D00A71 /* Resources */,
				42FE9E4F28E5F9AF00A6F9D7 /* Tasks.xcdatamodeld */,
			);
			path = RoutineTasks;
			sourceTree = "<group>";
		};
		423BA0AA287AE2BE00D00A71 /* Apps */ = {
			isa = PBXGroup;
			children = (
				4231D6C22869A341000419BA /* Info.plist */,
				4231D6B42869A33D000419BA /* AppDelegate.swift */,
				4231D6B62869A33D000419BA /* SceneDelegate.swift */,
			);
			path = Apps;
			sourceTree = "<group>";
		};
		423BA0AB287AE2CC00D00A71 /* ViewControllers */ = {
			isa = PBXGroup;
			children = (
				4231D6B82869A33D000419BA /* MainViewController.swift */,
				423BA0AE287AE4B000D00A71 /* NewItemViewController.swift */,
				422672EF2872DC4A00511C2E /* SettingsViewController.swift */,
				422672F32872E6FD00511C2E /* UserViewController.swift */,
			);
			path = ViewControllers;
			sourceTree = "<group>";
		};
		423BA0AC287AE2EB00D00A71 /* Storyboards */ = {
			isa = PBXGroup;
			children = (
				4231D6BA2869A33D000419BA /* Main.storyboard */,
				4231D6BF2869A341000419BA /* LaunchScreen.storyboard */,
			);
			path = Storyboards;
			sourceTree = "<group>";
		};
		423BA0AD287AE35300D00A71 /* Resources */ = {
			isa = PBXGroup;
			children = (
				4231D6BD2869A341000419BA /* Assets.xcassets */,
				42F289B3288E8F2700C5DF76 /* Colors.xcassets */,
			);
			path = Resources;
			sourceTree = "<group>";
		};
		426D5798288D51F4003DC0BF /* Views */ = {
			isa = PBXGroup;
			children = (
				426D5799288D5260003DC0BF /* TaskTableViewCell.swift */,
			);
			name = Views;
			sourceTree = "<group>";
		};
		42FE9E4C28E5F91500A6F9D7 /* Services */ = {
			isa = PBXGroup;
			children = (
				42FE9E4D28E5F95C00A6F9D7 /* StorageManager.swift */,
				42CEB7C428E9A0520081D037 /* DateManager.swift */,
			);
			path = Services;
			sourceTree = "<group>";
		};
		778098F62883C6AD00BB5CAB /* Models */ = {
			isa = PBXGroup;
			children = (
				42C3029728F84065000596F5 /* Task+CoreDataClass.swift */,
				42C3029828F84065000596F5 /* Task+CoreDataProperties.swift */,
				42C3029928F84065000596F5 /* CompletionDays+CoreDataClass.swift */,
				42C3029A28F84065000596F5 /* CompletionDays+CoreDataProperties.swift */,
				778098F72883C6C200BB5CAB /* User.swift */,
				422A551B28899D5300AA22F0 /* Task.swift */,
			);
			path = Models;
			sourceTree = "<group>";
		};
/* End PBXGroup section */

/* Begin PBXNativeTarget section */
		4231D6B02869A33D000419BA /* RoutineTasks */ = {
			isa = PBXNativeTarget;
			buildConfigurationList = 4231D6C52869A341000419BA /* Build configuration list for PBXNativeTarget "RoutineTasks" */;
			buildPhases = (
				4231D6AD2869A33D000419BA /* Sources */,
				4231D6AE2869A33D000419BA /* Frameworks */,
				4231D6AF2869A33D000419BA /* Resources */,
			);
			buildRules = (
			);
			dependencies = (
			);
			name = RoutineTasks;
			productName = RoutineTasks;
			productReference = 4231D6B12869A33D000419BA /* RoutineTasks.app */;
			productType = "com.apple.product-type.application";
		};
/* End PBXNativeTarget section */

/* Begin PBXProject section */
		4231D6A92869A33D000419BA /* Project object */ = {
			isa = PBXProject;
			attributes = {
				BuildIndependentTargetsInParallel = 1;
				LastSwiftUpdateCheck = 1340;
				LastUpgradeCheck = 1340;
				TargetAttributes = {
					4231D6B02869A33D000419BA = {
						CreatedOnToolsVersion = 13.4.1;
					};
				};
			};
			buildConfigurationList = 4231D6AC2869A33D000419BA /* Build configuration list for PBXProject "RoutineTasks" */;
			compatibilityVersion = "Xcode 13.0";
			developmentRegion = en;
			hasScannedForEncodings = 0;
			knownRegions = (
				en,
				Base,
			);
			mainGroup = 4231D6A82869A33D000419BA;
			productRefGroup = 4231D6B22869A33D000419BA /* Products */;
			projectDirPath = "";
			projectRoot = "";
			targets = (
				4231D6B02869A33D000419BA /* RoutineTasks */,
			);
		};
/* End PBXProject section */

/* Begin PBXResourcesBuildPhase section */
		4231D6AF2869A33D000419BA /* Resources */ = {
			isa = PBXResourcesBuildPhase;
			buildActionMask = 2147483647;
			files = (
				4231D6C12869A341000419BA /* LaunchScreen.storyboard in Resources */,
				42F289B4288E8F2700C5DF76 /* Colors.xcassets in Resources */,
				4231D6BE2869A341000419BA /* Assets.xcassets in Resources */,
				4231D6BC2869A33D000419BA /* Main.storyboard in Resources */,
			);
			runOnlyForDeploymentPostprocessing = 0;
		};
/* End PBXResourcesBuildPhase section */

/* Begin PBXSourcesBuildPhase section */
		4231D6AD2869A33D000419BA /* Sources */ = {
			isa = PBXSourcesBuildPhase;
			buildActionMask = 2147483647;
			files = (
				42C3029D28F84065000596F5 /* CompletionDays+CoreDataClass.swift in Sources */,
				42C3029C28F84065000596F5 /* Task+CoreDataProperties.swift in Sources */,
				4231D6B92869A33D000419BA /* MainViewController.swift in Sources */,
				4231D6B52869A33D000419BA /* AppDelegate.swift in Sources */,
				42FE9E4E28E5F95C00A6F9D7 /* StorageManager.swift in Sources */,
				42C3029E28F84065000596F5 /* CompletionDays+CoreDataProperties.swift in Sources */,
				426D579A288D5260003DC0BF /* TaskTableViewCell.swift in Sources */,
				778098F82883C6C200BB5CAB /* User.swift in Sources */,
				423BA0AF287AE4B000D00A71 /* NewItemViewController.swift in Sources */,
				42CEB7C528E9A0520081D037 /* DateManager.swift in Sources */,
				42C3029B28F84065000596F5 /* Task+CoreDataClass.swift in Sources */,
				422672F42872E6FD00511C2E /* UserViewController.swift in Sources */,
				42FE9E5128E5F9AF00A6F9D7 /* Tasks.xcdatamodeld in Sources */,
				422672F02872DC4A00511C2E /* SettingsViewController.swift in Sources */,
				422A551C28899D5300AA22F0 /* Task.swift in Sources */,
				4231D6B72869A33D000419BA /* SceneDelegate.swift in Sources */,
			);
			runOnlyForDeploymentPostprocessing = 0;
		};
/* End PBXSourcesBuildPhase section */

/* Begin PBXVariantGroup section */
		4231D6BA2869A33D000419BA /* Main.storyboard */ = {
			isa = PBXVariantGroup;
			children = (
				4231D6BB2869A33D000419BA /* Base */,
			);
			name = Main.storyboard;
			sourceTree = "<group>";
		};
		4231D6BF2869A341000419BA /* LaunchScreen.storyboard */ = {
			isa = PBXVariantGroup;
			children = (
				4231D6C02869A341000419BA /* Base */,
			);
			name = LaunchScreen.storyboard;
			sourceTree = "<group>";
		};
/* End PBXVariantGroup section */

/* Begin XCBuildConfiguration section */
		4231D6C32869A341000419BA /* Debug */ = {
			isa = XCBuildConfiguration;
			buildSettings = {
				ALWAYS_SEARCH_USER_PATHS = NO;
				CLANG_ANALYZER_NONNULL = YES;
				CLANG_ANALYZER_NUMBER_OBJECT_CONVERSION = YES_AGGRESSIVE;
				CLANG_CXX_LANGUAGE_STANDARD = "gnu++17";
				CLANG_ENABLE_MODULES = YES;
				CLANG_ENABLE_OBJC_ARC = YES;
				CLANG_ENABLE_OBJC_WEAK = YES;
				CLANG_WARN_BLOCK_CAPTURE_AUTORELEASING = YES;
				CLANG_WARN_BOOL_CONVERSION = YES;
				CLANG_WARN_COMMA = YES;
				CLANG_WARN_CONSTANT_CONVERSION = YES;
				CLANG_WARN_DEPRECATED_OBJC_IMPLEMENTATIONS = YES;
				CLANG_WARN_DIRECT_OBJC_ISA_USAGE = YES_ERROR;
				CLANG_WARN_DOCUMENTATION_COMMENTS = YES;
				CLANG_WARN_EMPTY_BODY = YES;
				CLANG_WARN_ENUM_CONVERSION = YES;
				CLANG_WARN_INFINITE_RECURSION = YES;
				CLANG_WARN_INT_CONVERSION = YES;
				CLANG_WARN_NON_LITERAL_NULL_CONVERSION = YES;
				CLANG_WARN_OBJC_IMPLICIT_RETAIN_SELF = YES;
				CLANG_WARN_OBJC_LITERAL_CONVERSION = YES;
				CLANG_WARN_OBJC_ROOT_CLASS = YES_ERROR;
				CLANG_WARN_QUOTED_INCLUDE_IN_FRAMEWORK_HEADER = YES;
				CLANG_WARN_RANGE_LOOP_ANALYSIS = YES;
				CLANG_WARN_STRICT_PROTOTYPES = YES;
				CLANG_WARN_SUSPICIOUS_MOVE = YES;
				CLANG_WARN_UNGUARDED_AVAILABILITY = YES_AGGRESSIVE;
				CLANG_WARN_UNREACHABLE_CODE = YES;
				CLANG_WARN__DUPLICATE_METHOD_MATCH = YES;
				COPY_PHASE_STRIP = NO;
				DEBUG_INFORMATION_FORMAT = dwarf;
				ENABLE_STRICT_OBJC_MSGSEND = YES;
				ENABLE_TESTABILITY = YES;
				GCC_C_LANGUAGE_STANDARD = gnu11;
				GCC_DYNAMIC_NO_PIC = NO;
				GCC_NO_COMMON_BLOCKS = YES;
				GCC_OPTIMIZATION_LEVEL = 0;
				GCC_PREPROCESSOR_DEFINITIONS = (
					"DEBUG=1",
					"$(inherited)",
				);
				GCC_WARN_64_TO_32_BIT_CONVERSION = YES;
				GCC_WARN_ABOUT_RETURN_TYPE = YES_ERROR;
				GCC_WARN_UNDECLARED_SELECTOR = YES;
				GCC_WARN_UNINITIALIZED_AUTOS = YES_AGGRESSIVE;
				GCC_WARN_UNUSED_FUNCTION = YES;
				GCC_WARN_UNUSED_VARIABLE = YES;
				IPHONEOS_DEPLOYMENT_TARGET = 15.5;
				MTL_ENABLE_DEBUG_INFO = INCLUDE_SOURCE;
				MTL_FAST_MATH = YES;
				ONLY_ACTIVE_ARCH = YES;
				SDKROOT = iphoneos;
				SWIFT_ACTIVE_COMPILATION_CONDITIONS = DEBUG;
				SWIFT_OPTIMIZATION_LEVEL = "-Onone";
			};
			name = Debug;
		};
		4231D6C42869A341000419BA /* Release */ = {
			isa = XCBuildConfiguration;
			buildSettings = {
				ALWAYS_SEARCH_USER_PATHS = NO;
				CLANG_ANALYZER_NONNULL = YES;
				CLANG_ANALYZER_NUMBER_OBJECT_CONVERSION = YES_AGGRESSIVE;
				CLANG_CXX_LANGUAGE_STANDARD = "gnu++17";
				CLANG_ENABLE_MODULES = YES;
				CLANG_ENABLE_OBJC_ARC = YES;
				CLANG_ENABLE_OBJC_WEAK = YES;
				CLANG_WARN_BLOCK_CAPTURE_AUTORELEASING = YES;
				CLANG_WARN_BOOL_CONVERSION = YES;
				CLANG_WARN_COMMA = YES;
				CLANG_WARN_CONSTANT_CONVERSION = YES;
				CLANG_WARN_DEPRECATED_OBJC_IMPLEMENTATIONS = YES;
				CLANG_WARN_DIRECT_OBJC_ISA_USAGE = YES_ERROR;
				CLANG_WARN_DOCUMENTATION_COMMENTS = YES;
				CLANG_WARN_EMPTY_BODY = YES;
				CLANG_WARN_ENUM_CONVERSION = YES;
				CLANG_WARN_INFINITE_RECURSION = YES;
				CLANG_WARN_INT_CONVERSION = YES;
				CLANG_WARN_NON_LITERAL_NULL_CONVERSION = YES;
				CLANG_WARN_OBJC_IMPLICIT_RETAIN_SELF = YES;
				CLANG_WARN_OBJC_LITERAL_CONVERSION = YES;
				CLANG_WARN_OBJC_ROOT_CLASS = YES_ERROR;
				CLANG_WARN_QUOTED_INCLUDE_IN_FRAMEWORK_HEADER = YES;
				CLANG_WARN_RANGE_LOOP_ANALYSIS = YES;
				CLANG_WARN_STRICT_PROTOTYPES = YES;
				CLANG_WARN_SUSPICIOUS_MOVE = YES;
				CLANG_WARN_UNGUARDED_AVAILABILITY = YES_AGGRESSIVE;
				CLANG_WARN_UNREACHABLE_CODE = YES;
				CLANG_WARN__DUPLICATE_METHOD_MATCH = YES;
				COPY_PHASE_STRIP = NO;
				DEBUG_INFORMATION_FORMAT = "dwarf-with-dsym";
				ENABLE_NS_ASSERTIONS = NO;
				ENABLE_STRICT_OBJC_MSGSEND = YES;
				GCC_C_LANGUAGE_STANDARD = gnu11;
				GCC_NO_COMMON_BLOCKS = YES;
				GCC_WARN_64_TO_32_BIT_CONVERSION = YES;
				GCC_WARN_ABOUT_RETURN_TYPE = YES_ERROR;
				GCC_WARN_UNDECLARED_SELECTOR = YES;
				GCC_WARN_UNINITIALIZED_AUTOS = YES_AGGRESSIVE;
				GCC_WARN_UNUSED_FUNCTION = YES;
				GCC_WARN_UNUSED_VARIABLE = YES;
				IPHONEOS_DEPLOYMENT_TARGET = 15.5;
				MTL_ENABLE_DEBUG_INFO = NO;
				MTL_FAST_MATH = YES;
				SDKROOT = iphoneos;
				SWIFT_COMPILATION_MODE = wholemodule;
				SWIFT_OPTIMIZATION_LEVEL = "-O";
				VALIDATE_PRODUCT = YES;
			};
			name = Release;
		};
		4231D6C62869A341000419BA /* Debug */ = {
			isa = XCBuildConfiguration;
			buildSettings = {
				ASSETCATALOG_COMPILER_APPICON_NAME = AppIcon;
				ASSETCATALOG_COMPILER_GLOBAL_ACCENT_COLOR_NAME = AccentColor;
				CODE_SIGN_STYLE = Automatic;
				CURRENT_PROJECT_VERSION = 1;
				DEVELOPMENT_TEAM = 9DPUXA8KW5;
				GENERATE_INFOPLIST_FILE = YES;
				INFOPLIST_FILE = RoutineTasks/Apps/Info.plist;
				INFOPLIST_KEY_UIApplicationSupportsIndirectInputEvents = YES;
				INFOPLIST_KEY_UILaunchStoryboardName = LaunchScreen;
				INFOPLIST_KEY_UIMainStoryboardFile = Main;
				INFOPLIST_KEY_UISupportedInterfaceOrientations_iPad = "UIInterfaceOrientationPortrait UIInterfaceOrientationPortraitUpsideDown UIInterfaceOrientationLandscapeLeft UIInterfaceOrientationLandscapeRight";
				INFOPLIST_KEY_UISupportedInterfaceOrientations_iPhone = "UIInterfaceOrientationPortrait UIInterfaceOrientationLandscapeLeft UIInterfaceOrientationLandscapeRight";
				IPHONEOS_DEPLOYMENT_TARGET = 15.0;
				LD_RUNPATH_SEARCH_PATHS = (
					"$(inherited)",
					"@executable_path/Frameworks",
				);
				MARKETING_VERSION = 1.0;
				PRODUCT_BUNDLE_IDENTIFIER = Oksenoyt.RoutineTasks;
				PRODUCT_NAME = "$(TARGET_NAME)";
				SWIFT_EMIT_LOC_STRINGS = YES;
				SWIFT_VERSION = 5.0;
				TARGETED_DEVICE_FAMILY = 1;
			};
			name = Debug;
		};
		4231D6C72869A341000419BA /* Release */ = {
			isa = XCBuildConfiguration;
			buildSettings = {
				ASSETCATALOG_COMPILER_APPICON_NAME = AppIcon;
				ASSETCATALOG_COMPILER_GLOBAL_ACCENT_COLOR_NAME = AccentColor;
				CODE_SIGN_STYLE = Automatic;
				CURRENT_PROJECT_VERSION = 1;
				DEVELOPMENT_TEAM = 9DPUXA8KW5;
				GENERATE_INFOPLIST_FILE = YES;
				INFOPLIST_FILE = RoutineTasks/Apps/Info.plist;
				INFOPLIST_KEY_UIApplicationSupportsIndirectInputEvents = YES;
				INFOPLIST_KEY_UILaunchStoryboardName = LaunchScreen;
				INFOPLIST_KEY_UIMainStoryboardFile = Main;
				INFOPLIST_KEY_UISupportedInterfaceOrientations_iPad = "UIInterfaceOrientationPortrait UIInterfaceOrientationPortraitUpsideDown UIInterfaceOrientationLandscapeLeft UIInterfaceOrientationLandscapeRight";
				INFOPLIST_KEY_UISupportedInterfaceOrientations_iPhone = "UIInterfaceOrientationPortrait UIInterfaceOrientationLandscapeLeft UIInterfaceOrientationLandscapeRight";
				IPHONEOS_DEPLOYMENT_TARGET = 15.0;
				LD_RUNPATH_SEARCH_PATHS = (
					"$(inherited)",
					"@executable_path/Frameworks",
				);
				MARKETING_VERSION = 1.0;
				PRODUCT_BUNDLE_IDENTIFIER = Oksenoyt.RoutineTasks;
				PRODUCT_NAME = "$(TARGET_NAME)";
				SWIFT_EMIT_LOC_STRINGS = YES;
				SWIFT_VERSION = 5.0;
				TARGETED_DEVICE_FAMILY = 1;
			};
			name = Release;
		};
/* End XCBuildConfiguration section */

/* Begin XCConfigurationList section */
		4231D6AC2869A33D000419BA /* Build configuration list for PBXProject "RoutineTasks" */ = {
			isa = XCConfigurationList;
			buildConfigurations = (
				4231D6C32869A341000419BA /* Debug */,
				4231D6C42869A341000419BA /* Release */,
			);
			defaultConfigurationIsVisible = 0;
			defaultConfigurationName = Release;
		};
		4231D6C52869A341000419BA /* Build configuration list for PBXNativeTarget "RoutineTasks" */ = {
			isa = XCConfigurationList;
			buildConfigurations = (
				4231D6C62869A341000419BA /* Debug */,
				4231D6C72869A341000419BA /* Release */,
			);
			defaultConfigurationIsVisible = 0;
			defaultConfigurationName = Release;
		};
/* End XCConfigurationList section */

/* Begin XCVersionGroup section */
		42FE9E4F28E5F9AF00A6F9D7 /* Tasks.xcdatamodeld */ = {
			isa = XCVersionGroup;
			children = (
				42FE9E5028E5F9AF00A6F9D7 /* Tasks.xcdatamodel */,
			);
			currentVersion = 42FE9E5028E5F9AF00A6F9D7 /* Tasks.xcdatamodel */;
			path = Tasks.xcdatamodeld;
			sourceTree = "<group>";
			versionGroupType = wrapper.xcdatamodel;
		};
/* End XCVersionGroup section */
	};
	rootObject = 4231D6A92869A33D000419BA /* Project object */;
}
